// !$*UTF8*$!
{
	archiveVersion = 1;
	classes = {
	};
	objectVersion = 46;
	objects = {

/* Begin PBXBuildFile section */
		771139A71B04CF2E008EAE1C /* AboutController.m in Sources */ = {isa = PBXBuildFile; fileRef = 771139A61B04CF2E008EAE1C /* AboutController.m */; };
		771139AA1B04DE59008EAE1C /* PreferenceController.m in Sources */ = {isa = PBXBuildFile; fileRef = 771139A91B04DE59008EAE1C /* PreferenceController.m */; };
		771139AD1B04DE9C008EAE1C /* ThemeController.m in Sources */ = {isa = PBXBuildFile; fileRef = 771139AC1B04DE9C008EAE1C /* ThemeController.m */; };
		771139B01B062E26008EAE1C /* IZValueSelectorView.m in Sources */ = {isa = PBXBuildFile; fileRef = 771139AF1B062E26008EAE1C /* IZValueSelectorView.m */; };
		771139B21B06310E008EAE1C /* arrow.png in Resources */ = {isa = PBXBuildFile; fileRef = 771139B11B06310E008EAE1C /* arrow.png */; };
		7716218F1B02EFE500996152 /* back.png in Resources */ = {isa = PBXBuildFile; fileRef = 7716218E1B02EFE500996152 /* back.png */; };
		7735797D1ABC442E000153D2 /* ZuSimpelColor.m in Sources */ = {isa = PBXBuildFile; fileRef = 7735797C1ABC442E000153D2 /* ZuSimpelColor.m */; };
		773BE9581AACAB3D00930F47 /* main.m in Sources */ = {isa = PBXBuildFile; fileRef = 773BE9571AACAB3D00930F47 /* main.m */; };
		773BE95B1AACAB3D00930F47 /* AppDelegate.m in Sources */ = {isa = PBXBuildFile; fileRef = 773BE95A1AACAB3D00930F47 /* AppDelegate.m */; };
		773BE95E1AACAB3D00930F47 /* FirstViewController.m in Sources */ = {isa = PBXBuildFile; fileRef = 773BE95D1AACAB3D00930F47 /* FirstViewController.m */; };
		773BE9611AACAB3D00930F47 /* SecondViewController.m in Sources */ = {isa = PBXBuildFile; fileRef = 773BE9601AACAB3D00930F47 /* SecondViewController.m */; };
		773BE9641AACAB3D00930F47 /* Main.storyboard in Resources */ = {isa = PBXBuildFile; fileRef = 773BE9621AACAB3D00930F47 /* Main.storyboard */; };
		773BE9661AACAB3E00930F47 /* Images.xcassets in Resources */ = {isa = PBXBuildFile; fileRef = 773BE9651AACAB3E00930F47 /* Images.xcassets */; };
		773BE9691AACAB3E00930F47 /* LaunchScreen.xib in Resources */ = {isa = PBXBuildFile; fileRef = 773BE9671AACAB3E00930F47 /* LaunchScreen.xib */; };
		773BE9751AACAB3E00930F47 /* ____Tests.m in Sources */ = {isa = PBXBuildFile; fileRef = 773BE9741AACAB3E00930F47 /* ____Tests.m */; };
		77414C321B002F870068FEB9 /* libxml2.dylib in Frameworks */ = {isa = PBXBuildFile; fileRef = 77414C311B002F870068FEB9 /* libxml2.dylib */; };
		77414C371B0032670068FEB9 /* BarItem.m in Sources */ = {isa = PBXBuildFile; fileRef = 77414C341B0032670068FEB9 /* BarItem.m */; };
		77414C381B0032670068FEB9 /* CBStoreHouseRefreshControl.m in Sources */ = {isa = PBXBuildFile; fileRef = 77414C361B0032670068FEB9 /* CBStoreHouseRefreshControl.m */; };
		77414C5C1B0032AD0068FEB9 /* CommentController.m in Sources */ = {isa = PBXBuildFile; fileRef = 77414C3A1B0032AD0068FEB9 /* CommentController.m */; };
		77414C5D1B0032AD0068FEB9 /* comments.png in Resources */ = {isa = PBXBuildFile; fileRef = 77414C3B1B0032AD0068FEB9 /* comments.png */; };
		77414C5E1B0032AD0068FEB9 /* ContextMenuCell.m in Sources */ = {isa = PBXBuildFile; fileRef = 77414C3D1B0032AD0068FEB9 /* ContextMenuCell.m */; };
		77414C5F1B0032AD0068FEB9 /* ContextMenuCell.xib in Resources */ = {isa = PBXBuildFile; fileRef = 77414C3E1B0032AD0068FEB9 /* ContextMenuCell.xib */; };
		77414C601B0032AD0068FEB9 /* csh.plist in Resources */ = {isa = PBXBuildFile; fileRef = 77414C3F1B0032AD0068FEB9 /* csh.plist */; };
		77414C611B0032AD0068FEB9 /* DejaVuSansMono.ttf in Resources */ = {isa = PBXBuildFile; fileRef = 77414C401B0032AD0068FEB9 /* DejaVuSansMono.ttf */; };
		77414C621B0032AD0068FEB9 /* DetailController.m in Sources */ = {isa = PBXBuildFile; fileRef = 77414C421B0032AD0068FEB9 /* DetailController.m */; };
		77414C631B0032AD0068FEB9 /* DetailController+ENPopUp.m in Sources */ = {isa = PBXBuildFile; fileRef = 77414C441B0032AD0068FEB9 /* DetailController+ENPopUp.m */; };
		77414C641B0032AD0068FEB9 /* HTMLNode.m in Sources */ = {isa = PBXBuildFile; fileRef = 77414C461B0032AD0068FEB9 /* HTMLNode.m */; };
		77414C651B0032AD0068FEB9 /* HTMLParser.m in Sources */ = {isa = PBXBuildFile; fileRef = 77414C481B0032AD0068FEB9 /* HTMLParser.m */; };
		77414C661B0032AD0068FEB9 /* JHWeiboCell.m in Sources */ = {isa = PBXBuildFile; fileRef = 77414C4A1B0032AD0068FEB9 /* JHWeiboCell.m */; };
		77414C671B0032AD0068FEB9 /* JHWeiboFrame.m in Sources */ = {isa = PBXBuildFile; fileRef = 77414C4C1B0032AD0068FEB9 /* JHWeiboFrame.m */; };
		77414C681B0032AD0068FEB9 /* JWBlurView.m in Sources */ = {isa = PBXBuildFile; fileRef = 77414C4E1B0032AD0068FEB9 /* JWBlurView.m */; };
		77414C691B0032AD0068FEB9 /* newc.png in Resources */ = {isa = PBXBuildFile; fileRef = 77414C4F1B0032AD0068FEB9 /* newc.png */; };
		77414C6A1B0032AD0068FEB9 /* NJWeibo.m in Sources */ = {isa = PBXBuildFile; fileRef = 77414C511B0032AD0068FEB9 /* NJWeibo.m */; };
		77414C6B1B0032AD0068FEB9 /* Senty.ttf in Resources */ = {isa = PBXBuildFile; fileRef = 77414C521B0032AD0068FEB9 /* Senty.ttf */; };
		77414C6C1B0032AD0068FEB9 /* share.png in Resources */ = {isa = PBXBuildFile; fileRef = 77414C531B0032AD0068FEB9 /* share.png */; };
		77414C6E1B0032AD0068FEB9 /* UIView+YALConstraints.m in Sources */ = {isa = PBXBuildFile; fileRef = 77414C561B0032AD0068FEB9 /* UIView+YALConstraints.m */; };
		77414C6F1B0032AD0068FEB9 /* YALContextMenuTableView.m in Sources */ = {isa = PBXBuildFile; fileRef = 77414C591B0032AD0068FEB9 /* YALContextMenuTableView.m */; };
		77414C701B0032AD0068FEB9 /* YALNavigationBar.m in Sources */ = {isa = PBXBuildFile; fileRef = 77414C5B1B0032AD0068FEB9 /* YALNavigationBar.m */; };
		77414C721B003D040068FEB9 /* close.png in Resources */ = {isa = PBXBuildFile; fileRef = 77414C711B003D040068FEB9 /* close.png */; };
		774E56781B0730BB004DF919 /* icon.png in Resources */ = {isa = PBXBuildFile; fileRef = 774E56771B0730BB004DF919 /* icon.png */; };
		774E567A1B07336A004DF919 /* style.css in Resources */ = {isa = PBXBuildFile; fileRef = 774E56791B07336A004DF919 /* style.css */; };
		7784F53B1B0241F900ED262C /* ASFLabel.m in Sources */ = {isa = PBXBuildFile; fileRef = 7784F5321B0241F900ED262C /* ASFLabel.m */; };
		7784F53C1B0241F900ED262C /* ASFTableView.m in Sources */ = {isa = PBXBuildFile; fileRef = 7784F5341B0241F900ED262C /* ASFTableView.m */; };
		7784F53D1B0241F900ED262C /* ASFTableViewCell.m in Sources */ = {isa = PBXBuildFile; fileRef = 7784F5361B0241F900ED262C /* ASFTableViewCell.m */; };
		7784F53E1B0241F900ED262C /* ASFTableViewPrivateGlobals.m in Sources */ = {isa = PBXBuildFile; fileRef = 7784F5381B0241F900ED262C /* ASFTableViewPrivateGlobals.m */; };
		7784F53F1B0241F900ED262C /* ASFTableViewPublicGlobals.m in Sources */ = {isa = PBXBuildFile; fileRef = 7784F53A1B0241F900ED262C /* ASFTableViewPublicGlobals.m */; };
		7784F5481B024B9500ED262C /* ScoreController.m in Sources */ = {isa = PBXBuildFile; fileRef = 7784F5471B024B9500ED262C /* ScoreController.m */; };
		778AD68B1AAE05B900398C37 /* Func.m in Sources */ = {isa = PBXBuildFile; fileRef = 778AD68A1AAE05B900398C37 /* Func.m */; };
		778AD68E1AAE05D900398C37 /* RegisterController.m in Sources */ = {isa = PBXBuildFile; fileRef = 778AD68D1AAE05D900398C37 /* RegisterController.m */; };
		778AD6911AAE05E200398C37 /* LoginController.m in Sources */ = {isa = PBXBuildFile; fileRef = 778AD6901AAE05E200398C37 /* LoginController.m */; };
		778AD6A71AAE065C00398C37 /* AFHTTPRequestOperation.m in Sources */ = {isa = PBXBuildFile; fileRef = 778AD6951AAE065C00398C37 /* AFHTTPRequestOperation.m */; };
		778AD6A81AAE065C00398C37 /* AFHTTPRequestOperationManager.m in Sources */ = {isa = PBXBuildFile; fileRef = 778AD6971AAE065C00398C37 /* AFHTTPRequestOperationManager.m */; };
		778AD6A91AAE065C00398C37 /* AFHTTPSessionManager.m in Sources */ = {isa = PBXBuildFile; fileRef = 778AD6991AAE065C00398C37 /* AFHTTPSessionManager.m */; };
		778AD6AA1AAE065C00398C37 /* AFNetworkReachabilityManager.m in Sources */ = {isa = PBXBuildFile; fileRef = 778AD69C1AAE065C00398C37 /* AFNetworkReachabilityManager.m */; };
		778AD6AB1AAE065C00398C37 /* AFSecurityPolicy.m in Sources */ = {isa = PBXBuildFile; fileRef = 778AD69E1AAE065C00398C37 /* AFSecurityPolicy.m */; };
		778AD6AC1AAE065C00398C37 /* AFURLConnectionOperation.m in Sources */ = {isa = PBXBuildFile; fileRef = 778AD6A01AAE065C00398C37 /* AFURLConnectionOperation.m */; };
		778AD6AD1AAE065C00398C37 /* AFURLRequestSerialization.m in Sources */ = {isa = PBXBuildFile; fileRef = 778AD6A21AAE065C00398C37 /* AFURLRequestSerialization.m */; };
		778AD6AE1AAE065C00398C37 /* AFURLResponseSerialization.m in Sources */ = {isa = PBXBuildFile; fileRef = 778AD6A41AAE065C00398C37 /* AFURLResponseSerialization.m */; };
		778AD6AF1AAE065C00398C37 /* AFURLSessionManager.m in Sources */ = {isa = PBXBuildFile; fileRef = 778AD6A61AAE065C00398C37 /* AFURLSessionManager.m */; };
		778AD6B31AAE066900398C37 /* VPImageCropperViewController.m in Sources */ = {isa = PBXBuildFile; fileRef = 778AD6B21AAE066900398C37 /* VPImageCropperViewController.m */; };
		778AD6C11AAE072700398C37 /* news.png in Resources */ = {isa = PBXBuildFile; fileRef = 778AD6B81AAE072700398C37 /* news.png */; };
		778AD6C21AAE072700398C37 /* portrait.jpg in Resources */ = {isa = PBXBuildFile; fileRef = 778AD6B91AAE072700398C37 /* portrait.jpg */; };
		778AD6C31AAE072700398C37 /* recommend.png in Resources */ = {isa = PBXBuildFile; fileRef = 778AD6BA1AAE072700398C37 /* recommend.png */; };
		778AD6C41AAE072700398C37 /* testimg.png in Resources */ = {isa = PBXBuildFile; fileRef = 778AD6BB1AAE072700398C37 /* testimg.png */; };
		77B4928A1AAEE3100009E0C0 /* FindBackPassword.m in Sources */ = {isa = PBXBuildFile; fileRef = 77B492891AAEE3100009E0C0 /* FindBackPassword.m */; };
		77B4928D1AAEEE080009E0C0 /* ThirdViewController.m in Sources */ = {isa = PBXBuildFile; fileRef = 77B4928C1AAEEE080009E0C0 /* ThirdViewController.m */; };
		77B492901AAEEE140009E0C0 /* FourthViewController.m in Sources */ = {isa = PBXBuildFile; fileRef = 77B4928F1AAEEE140009E0C0 /* FourthViewController.m */; };
		77FAD6D51AEF0D9300FDA2CC /* user.png in Resources */ = {isa = PBXBuildFile; fileRef = 77FAD6D41AEF0D9300FDA2CC /* user.png */; };
		77FAD6D71AEF0E0F00FDA2CC /* key.png in Resources */ = {isa = PBXBuildFile; fileRef = 77FAD6D61AEF0E0F00FDA2CC /* key.png */; };
		77FAD6D91AEF0F6F00FDA2CC /* mail.png in Resources */ = {isa = PBXBuildFile; fileRef = 77FAD6D81AEF0F6F00FDA2CC /* mail.png */; };
		77FAD6DB1AEF107400FDA2CC /* lock.png in Resources */ = {isa = PBXBuildFile; fileRef = 77FAD6DA1AEF107400FDA2CC /* lock.png */; };
/* End PBXBuildFile section */

/* Begin PBXContainerItemProxy section */
		773BE96F1AACAB3E00930F47 /* PBXContainerItemProxy */ = {
			isa = PBXContainerItemProxy;
			containerPortal = 773BE94A1AACAB3D00930F47 /* Project object */;
			proxyType = 1;
			remoteGlobalIDString = 773BE9511AACAB3D00930F47;
			remoteInfo = "沉思·航";
		};
/* End PBXContainerItemProxy section */

/* Begin PBXFileReference section */
		771139A51B04CF2E008EAE1C /* AboutController.h */ = {isa = PBXFileReference; fileEncoding = 4; lastKnownFileType = sourcecode.c.h; path = AboutController.h; sourceTree = "<group>"; };
		771139A61B04CF2E008EAE1C /* AboutController.m */ = {isa = PBXFileReference; fileEncoding = 4; lastKnownFileType = sourcecode.c.objc; path = AboutController.m; sourceTree = "<group>"; };
		771139A81B04DE59008EAE1C /* PreferenceController.h */ = {isa = PBXFileReference; fileEncoding = 4; lastKnownFileType = sourcecode.c.h; path = PreferenceController.h; sourceTree = "<group>"; };
		771139A91B04DE59008EAE1C /* PreferenceController.m */ = {isa = PBXFileReference; fileEncoding = 4; lastKnownFileType = sourcecode.c.objc; path = PreferenceController.m; sourceTree = "<group>"; };
		771139AB1B04DE9C008EAE1C /* ThemeController.h */ = {isa = PBXFileReference; fileEncoding = 4; lastKnownFileType = sourcecode.c.h; path = ThemeController.h; sourceTree = "<group>"; };
		771139AC1B04DE9C008EAE1C /* ThemeController.m */ = {isa = PBXFileReference; fileEncoding = 4; lastKnownFileType = sourcecode.c.objc; path = ThemeController.m; sourceTree = "<group>"; };
		771139AE1B062E26008EAE1C /* IZValueSelectorView.h */ = {isa = PBXFileReference; fileEncoding = 4; lastKnownFileType = sourcecode.c.h; path = IZValueSelectorView.h; sourceTree = "<group>"; };
		771139AF1B062E26008EAE1C /* IZValueSelectorView.m */ = {isa = PBXFileReference; fileEncoding = 4; lastKnownFileType = sourcecode.c.objc; path = IZValueSelectorView.m; sourceTree = "<group>"; };
		771139B11B06310E008EAE1C /* arrow.png */ = {isa = PBXFileReference; lastKnownFileType = image.png; path = arrow.png; sourceTree = "<group>"; };
		7716218E1B02EFE500996152 /* back.png */ = {isa = PBXFileReference; lastKnownFileType = image.png; path = back.png; sourceTree = "<group>"; };
		7735797B1ABC442E000153D2 /* ZuSimpelColor.h */ = {isa = PBXFileReference; fileEncoding = 4; lastKnownFileType = sourcecode.c.h; path = ZuSimpelColor.h; sourceTree = "<group>"; };
		7735797C1ABC442E000153D2 /* ZuSimpelColor.m */ = {isa = PBXFileReference; fileEncoding = 4; lastKnownFileType = sourcecode.c.objc; path = ZuSimpelColor.m; sourceTree = "<group>"; };
		773BE9521AACAB3D00930F47 /* 沉思·航.app */ = {isa = PBXFileReference; explicitFileType = wrapper.application; includeInIndex = 0; path = "沉思·航.app"; sourceTree = BUILT_PRODUCTS_DIR; };
		773BE9561AACAB3D00930F47 /* Info.plist */ = {isa = PBXFileReference; lastKnownFileType = text.plist.xml; path = Info.plist; sourceTree = "<group>"; };
		773BE9571AACAB3D00930F47 /* main.m */ = {isa = PBXFileReference; lastKnownFileType = sourcecode.c.objc; path = main.m; sourceTree = "<group>"; };
		773BE9591AACAB3D00930F47 /* AppDelegate.h */ = {isa = PBXFileReference; lastKnownFileType = sourcecode.c.h; path = AppDelegate.h; sourceTree = "<group>"; };
		773BE95A1AACAB3D00930F47 /* AppDelegate.m */ = {isa = PBXFileReference; lastKnownFileType = sourcecode.c.objc; path = AppDelegate.m; sourceTree = "<group>"; };
		773BE95C1AACAB3D00930F47 /* FirstViewController.h */ = {isa = PBXFileReference; lastKnownFileType = sourcecode.c.h; path = FirstViewController.h; sourceTree = "<group>"; };
		773BE95D1AACAB3D00930F47 /* FirstViewController.m */ = {isa = PBXFileReference; lastKnownFileType = sourcecode.c.objc; path = FirstViewController.m; sourceTree = "<group>"; };
		773BE95F1AACAB3D00930F47 /* SecondViewController.h */ = {isa = PBXFileReference; lastKnownFileType = sourcecode.c.h; path = SecondViewController.h; sourceTree = "<group>"; };
		773BE9601AACAB3D00930F47 /* SecondViewController.m */ = {isa = PBXFileReference; lastKnownFileType = sourcecode.c.objc; path = SecondViewController.m; sourceTree = "<group>"; };
		773BE9631AACAB3D00930F47 /* Base */ = {isa = PBXFileReference; lastKnownFileType = file.storyboard; name = Base; path = Base.lproj/Main.storyboard; sourceTree = "<group>"; };
		773BE9651AACAB3E00930F47 /* Images.xcassets */ = {isa = PBXFileReference; lastKnownFileType = folder.assetcatalog; path = Images.xcassets; sourceTree = "<group>"; };
		773BE9681AACAB3E00930F47 /* Base */ = {isa = PBXFileReference; lastKnownFileType = file.xib; name = Base; path = Base.lproj/LaunchScreen.xib; sourceTree = "<group>"; };
		773BE96E1AACAB3E00930F47 /* 沉思·航Tests.xctest */ = {isa = PBXFileReference; explicitFileType = wrapper.cfbundle; includeInIndex = 0; path = "沉思·航Tests.xctest"; sourceTree = BUILT_PRODUCTS_DIR; };
		773BE9731AACAB3E00930F47 /* Info.plist */ = {isa = PBXFileReference; lastKnownFileType = text.plist.xml; path = Info.plist; sourceTree = "<group>"; };
		773BE9741AACAB3E00930F47 /* ____Tests.m */ = {isa = PBXFileReference; lastKnownFileType = sourcecode.c.objc; path = "____Tests.m"; sourceTree = "<group>"; };
		77414C311B002F870068FEB9 /* libxml2.dylib */ = {isa = PBXFileReference; lastKnownFileType = "compiled.mach-o.dylib"; name = libxml2.dylib; path = usr/lib/libxml2.dylib; sourceTree = SDKROOT; };
		77414C331B0032670068FEB9 /* BarItem.h */ = {isa = PBXFileReference; fileEncoding = 4; lastKnownFileType = sourcecode.c.h; path = BarItem.h; sourceTree = "<group>"; };
		77414C341B0032670068FEB9 /* BarItem.m */ = {isa = PBXFileReference; fileEncoding = 4; lastKnownFileType = sourcecode.c.objc; path = BarItem.m; sourceTree = "<group>"; };
		77414C351B0032670068FEB9 /* CBStoreHouseRefreshControl.h */ = {isa = PBXFileReference; fileEncoding = 4; lastKnownFileType = sourcecode.c.h; path = CBStoreHouseRefreshControl.h; sourceTree = "<group>"; };
		77414C361B0032670068FEB9 /* CBStoreHouseRefreshControl.m */ = {isa = PBXFileReference; fileEncoding = 4; lastKnownFileType = sourcecode.c.objc; path = CBStoreHouseRefreshControl.m; sourceTree = "<group>"; };
		77414C391B0032AD0068FEB9 /* CommentController.h */ = {isa = PBXFileReference; fileEncoding = 4; lastKnownFileType = sourcecode.c.h; path = CommentController.h; sourceTree = "<group>"; };
		77414C3A1B0032AD0068FEB9 /* CommentController.m */ = {isa = PBXFileReference; fileEncoding = 4; lastKnownFileType = sourcecode.c.objc; path = CommentController.m; sourceTree = "<group>"; };
		77414C3B1B0032AD0068FEB9 /* comments.png */ = {isa = PBXFileReference; lastKnownFileType = image.png; path = comments.png; sourceTree = "<group>"; };
		77414C3C1B0032AD0068FEB9 /* ContextMenuCell.h */ = {isa = PBXFileReference; fileEncoding = 4; lastKnownFileType = sourcecode.c.h; path = ContextMenuCell.h; sourceTree = "<group>"; };
		77414C3D1B0032AD0068FEB9 /* ContextMenuCell.m */ = {isa = PBXFileReference; fileEncoding = 4; lastKnownFileType = sourcecode.c.objc; path = ContextMenuCell.m; sourceTree = "<group>"; };
		77414C3E1B0032AD0068FEB9 /* ContextMenuCell.xib */ = {isa = PBXFileReference; fileEncoding = 4; lastKnownFileType = file.xib; path = ContextMenuCell.xib; sourceTree = "<group>"; };
		77414C3F1B0032AD0068FEB9 /* csh.plist */ = {isa = PBXFileReference; fileEncoding = 4; lastKnownFileType = text.plist.xml; path = csh.plist; sourceTree = "<group>"; };
		77414C401B0032AD0068FEB9 /* DejaVuSansMono.ttf */ = {isa = PBXFileReference; lastKnownFileType = file; path = DejaVuSansMono.ttf; sourceTree = "<group>"; };
		77414C411B0032AD0068FEB9 /* DetailController.h */ = {isa = PBXFileReference; fileEncoding = 4; lastKnownFileType = sourcecode.c.h; path = DetailController.h; sourceTree = "<group>"; };
		77414C421B0032AD0068FEB9 /* DetailController.m */ = {isa = PBXFileReference; fileEncoding = 4; lastKnownFileType = sourcecode.c.objc; path = DetailController.m; sourceTree = "<group>"; };
		77414C431B0032AD0068FEB9 /* DetailController+ENPopUp.h */ = {isa = PBXFileReference; fileEncoding = 4; lastKnownFileType = sourcecode.c.h; path = "DetailController+ENPopUp.h"; sourceTree = "<group>"; };
		77414C441B0032AD0068FEB9 /* DetailController+ENPopUp.m */ = {isa = PBXFileReference; fileEncoding = 4; lastKnownFileType = sourcecode.c.objc; path = "DetailController+ENPopUp.m"; sourceTree = "<group>"; };
		77414C451B0032AD0068FEB9 /* HTMLNode.h */ = {isa = PBXFileReference; fileEncoding = 4; lastKnownFileType = sourcecode.c.h; path = HTMLNode.h; sourceTree = "<group>"; };
		77414C461B0032AD0068FEB9 /* HTMLNode.m */ = {isa = PBXFileReference; fileEncoding = 4; lastKnownFileType = sourcecode.c.objc; path = HTMLNode.m; sourceTree = "<group>"; };
		77414C471B0032AD0068FEB9 /* HTMLParser.h */ = {isa = PBXFileReference; fileEncoding = 4; lastKnownFileType = sourcecode.c.h; path = HTMLParser.h; sourceTree = "<group>"; };
		77414C481B0032AD0068FEB9 /* HTMLParser.m */ = {isa = PBXFileReference; fileEncoding = 4; lastKnownFileType = sourcecode.c.objc; path = HTMLParser.m; sourceTree = "<group>"; };
		77414C491B0032AD0068FEB9 /* JHWeiboCell.h */ = {isa = PBXFileReference; fileEncoding = 4; lastKnownFileType = sourcecode.c.h; path = JHWeiboCell.h; sourceTree = "<group>"; };
		77414C4A1B0032AD0068FEB9 /* JHWeiboCell.m */ = {isa = PBXFileReference; fileEncoding = 4; lastKnownFileType = sourcecode.c.objc; path = JHWeiboCell.m; sourceTree = "<group>"; };
		77414C4B1B0032AD0068FEB9 /* JHWeiboFrame.h */ = {isa = PBXFileReference; fileEncoding = 4; lastKnownFileType = sourcecode.c.h; path = JHWeiboFrame.h; sourceTree = "<group>"; };
		77414C4C1B0032AD0068FEB9 /* JHWeiboFrame.m */ = {isa = PBXFileReference; fileEncoding = 4; lastKnownFileType = sourcecode.c.objc; path = JHWeiboFrame.m; sourceTree = "<group>"; };
		77414C4D1B0032AD0068FEB9 /* JWBlurView.h */ = {isa = PBXFileReference; fileEncoding = 4; lastKnownFileType = sourcecode.c.h; path = JWBlurView.h; sourceTree = "<group>"; };
		77414C4E1B0032AD0068FEB9 /* JWBlurView.m */ = {isa = PBXFileReference; fileEncoding = 4; lastKnownFileType = sourcecode.c.objc; path = JWBlurView.m; sourceTree = "<group>"; };
		77414C4F1B0032AD0068FEB9 /* newc.png */ = {isa = PBXFileReference; lastKnownFileType = image.png; path = newc.png; sourceTree = "<group>"; };
		77414C501B0032AD0068FEB9 /* NJWeibo.h */ = {isa = PBXFileReference; fileEncoding = 4; lastKnownFileType = sourcecode.c.h; path = NJWeibo.h; sourceTree = "<group>"; };
		77414C511B0032AD0068FEB9 /* NJWeibo.m */ = {isa = PBXFileReference; fileEncoding = 4; lastKnownFileType = sourcecode.c.objc; path = NJWeibo.m; sourceTree = "<group>"; };
		77414C521B0032AD0068FEB9 /* Senty.ttf */ = {isa = PBXFileReference; lastKnownFileType = file; path = Senty.ttf; sourceTree = "<group>"; };
		77414C531B0032AD0068FEB9 /* share.png */ = {isa = PBXFileReference; lastKnownFileType = image.png; path = share.png; sourceTree = "<group>"; };
		77414C551B0032AD0068FEB9 /* UIView+YALConstraints.h */ = {isa = PBXFileReference; fileEncoding = 4; lastKnownFileType = sourcecode.c.h; path = "UIView+YALConstraints.h"; sourceTree = "<group>"; };
		77414C561B0032AD0068FEB9 /* UIView+YALConstraints.m */ = {isa = PBXFileReference; fileEncoding = 4; lastKnownFileType = sourcecode.c.objc; path = "UIView+YALConstraints.m"; sourceTree = "<group>"; };
		77414C571B0032AD0068FEB9 /* YALContextMenuCell.h */ = {isa = PBXFileReference; fileEncoding = 4; lastKnownFileType = sourcecode.c.h; path = YALContextMenuCell.h; sourceTree = "<group>"; };
		77414C581B0032AD0068FEB9 /* YALContextMenuTableView.h */ = {isa = PBXFileReference; fileEncoding = 4; lastKnownFileType = sourcecode.c.h; path = YALContextMenuTableView.h; sourceTree = "<group>"; };
		77414C591B0032AD0068FEB9 /* YALContextMenuTableView.m */ = {isa = PBXFileReference; fileEncoding = 4; lastKnownFileType = sourcecode.c.objc; path = YALContextMenuTableView.m; sourceTree = "<group>"; };
		77414C5A1B0032AD0068FEB9 /* YALNavigationBar.h */ = {isa = PBXFileReference; fileEncoding = 4; lastKnownFileType = sourcecode.c.h; path = YALNavigationBar.h; sourceTree = "<group>"; };
		77414C5B1B0032AD0068FEB9 /* YALNavigationBar.m */ = {isa = PBXFileReference; fileEncoding = 4; lastKnownFileType = sourcecode.c.objc; path = YALNavigationBar.m; sourceTree = "<group>"; };
		77414C711B003D040068FEB9 /* close.png */ = {isa = PBXFileReference; lastKnownFileType = image.png; path = close.png; sourceTree = "<group>"; };
		774E56771B0730BB004DF919 /* icon.png */ = {isa = PBXFileReference; lastKnownFileType = image.png; path = icon.png; sourceTree = "<group>"; };
		774E56791B07336A004DF919 /* style.css */ = {isa = PBXFileReference; fileEncoding = 4; lastKnownFileType = text.css; path = style.css; sourceTree = "<group>"; };
		7784F5311B0241F900ED262C /* ASFLabel.h */ = {isa = PBXFileReference; fileEncoding = 4; lastKnownFileType = sourcecode.c.h; path = ASFLabel.h; sourceTree = "<group>"; };
		7784F5321B0241F900ED262C /* ASFLabel.m */ = {isa = PBXFileReference; fileEncoding = 4; lastKnownFileType = sourcecode.c.objc; path = ASFLabel.m; sourceTree = "<group>"; };
		7784F5331B0241F900ED262C /* ASFTableView.h */ = {isa = PBXFileReference; fileEncoding = 4; lastKnownFileType = sourcecode.c.h; path = ASFTableView.h; sourceTree = "<group>"; };
		7784F5341B0241F900ED262C /* ASFTableView.m */ = {isa = PBXFileReference; fileEncoding = 4; lastKnownFileType = sourcecode.c.objc; path = ASFTableView.m; sourceTree = "<group>"; };
		7784F5351B0241F900ED262C /* ASFTableViewCell.h */ = {isa = PBXFileReference; fileEncoding = 4; lastKnownFileType = sourcecode.c.h; path = ASFTableViewCell.h; sourceTree = "<group>"; };
		7784F5361B0241F900ED262C /* ASFTableViewCell.m */ = {isa = PBXFileReference; fileEncoding = 4; lastKnownFileType = sourcecode.c.objc; path = ASFTableViewCell.m; sourceTree = "<group>"; };
		7784F5371B0241F900ED262C /* ASFTableViewPrivateGlobals.h */ = {isa = PBXFileReference; fileEncoding = 4; lastKnownFileType = sourcecode.c.h; path = ASFTableViewPrivateGlobals.h; sourceTree = "<group>"; };
		7784F5381B0241F900ED262C /* ASFTableViewPrivateGlobals.m */ = {isa = PBXFileReference; fileEncoding = 4; lastKnownFileType = sourcecode.c.objc; path = ASFTableViewPrivateGlobals.m; sourceTree = "<group>"; };
		7784F5391B0241F900ED262C /* ASFTableViewPublicGlobals.h */ = {isa = PBXFileReference; fileEncoding = 4; lastKnownFileType = sourcecode.c.h; path = ASFTableViewPublicGlobals.h; sourceTree = "<group>"; };
		7784F53A1B0241F900ED262C /* ASFTableViewPublicGlobals.m */ = {isa = PBXFileReference; fileEncoding = 4; lastKnownFileType = sourcecode.c.objc; path = ASFTableViewPublicGlobals.m; sourceTree = "<group>"; };
		7784F5461B024B9500ED262C /* ScoreController.h */ = {isa = PBXFileReference; fileEncoding = 4; lastKnownFileType = sourcecode.c.h; name = ScoreController.h; path = "沉思·航/ScoreController.h"; sourceTree = "<group>"; };
		7784F5471B024B9500ED262C /* ScoreController.m */ = {isa = PBXFileReference; fileEncoding = 4; lastKnownFileType = sourcecode.c.objc; name = ScoreController.m; path = "沉思·航/ScoreController.m"; sourceTree = "<group>"; };
		778AD6891AAE05B900398C37 /* Func.h */ = {isa = PBXFileReference; fileEncoding = 4; lastKnownFileType = sourcecode.c.h; path = Func.h; sourceTree = "<group>"; };
		778AD68A1AAE05B900398C37 /* Func.m */ = {isa = PBXFileReference; fileEncoding = 4; lastKnownFileType = sourcecode.c.objc; path = Func.m; sourceTree = "<group>"; };
		778AD68C1AAE05D900398C37 /* RegisterController.h */ = {isa = PBXFileReference; fileEncoding = 4; lastKnownFileType = sourcecode.c.h; path = RegisterController.h; sourceTree = "<group>"; };
		778AD68D1AAE05D900398C37 /* RegisterController.m */ = {isa = PBXFileReference; fileEncoding = 4; lastKnownFileType = sourcecode.c.objc; path = RegisterController.m; sourceTree = "<group>"; };
		778AD68F1AAE05E200398C37 /* LoginController.h */ = {isa = PBXFileReference; fileEncoding = 4; lastKnownFileType = sourcecode.c.h; path = LoginController.h; sourceTree = "<group>"; };
		778AD6901AAE05E200398C37 /* LoginController.m */ = {isa = PBXFileReference; fileEncoding = 4; lastKnownFileType = sourcecode.c.objc; path = LoginController.m; sourceTree = "<group>"; };
		778AD6941AAE065C00398C37 /* AFHTTPRequestOperation.h */ = {isa = PBXFileReference; fileEncoding = 4; lastKnownFileType = sourcecode.c.h; path = AFHTTPRequestOperation.h; sourceTree = "<group>"; };
		778AD6951AAE065C00398C37 /* AFHTTPRequestOperation.m */ = {isa = PBXFileReference; fileEncoding = 4; lastKnownFileType = sourcecode.c.objc; path = AFHTTPRequestOperation.m; sourceTree = "<group>"; };
		778AD6961AAE065C00398C37 /* AFHTTPRequestOperationManager.h */ = {isa = PBXFileReference; fileEncoding = 4; lastKnownFileType = sourcecode.c.h; path = AFHTTPRequestOperationManager.h; sourceTree = "<group>"; };
		778AD6971AAE065C00398C37 /* AFHTTPRequestOperationManager.m */ = {isa = PBXFileReference; fileEncoding = 4; lastKnownFileType = sourcecode.c.objc; path = AFHTTPRequestOperationManager.m; sourceTree = "<group>"; };
		778AD6981AAE065C00398C37 /* AFHTTPSessionManager.h */ = {isa = PBXFileReference; fileEncoding = 4; lastKnownFileType = sourcecode.c.h; path = AFHTTPSessionManager.h; sourceTree = "<group>"; };
		778AD6991AAE065C00398C37 /* AFHTTPSessionManager.m */ = {isa = PBXFileReference; fileEncoding = 4; lastKnownFileType = sourcecode.c.objc; path = AFHTTPSessionManager.m; sourceTree = "<group>"; };
		778AD69A1AAE065C00398C37 /* AFNetworking.h */ = {isa = PBXFileReference; fileEncoding = 4; lastKnownFileType = sourcecode.c.h; path = AFNetworking.h; sourceTree = "<group>"; };
		778AD69B1AAE065C00398C37 /* AFNetworkReachabilityManager.h */ = {isa = PBXFileReference; fileEncoding = 4; lastKnownFileType = sourcecode.c.h; path = AFNetworkReachabilityManager.h; sourceTree = "<group>"; };
		778AD69C1AAE065C00398C37 /* AFNetworkReachabilityManager.m */ = {isa = PBXFileReference; fileEncoding = 4; lastKnownFileType = sourcecode.c.objc; path = AFNetworkReachabilityManager.m; sourceTree = "<group>"; };
		778AD69D1AAE065C00398C37 /* AFSecurityPolicy.h */ = {isa = PBXFileReference; fileEncoding = 4; lastKnownFileType = sourcecode.c.h; path = AFSecurityPolicy.h; sourceTree = "<group>"; };
		778AD69E1AAE065C00398C37 /* AFSecurityPolicy.m */ = {isa = PBXFileReference; fileEncoding = 4; lastKnownFileType = sourcecode.c.objc; path = AFSecurityPolicy.m; sourceTree = "<group>"; };
		778AD69F1AAE065C00398C37 /* AFURLConnectionOperation.h */ = {isa = PBXFileReference; fileEncoding = 4; lastKnownFileType = sourcecode.c.h; path = AFURLConnectionOperation.h; sourceTree = "<group>"; };
		778AD6A01AAE065C00398C37 /* AFURLConnectionOperation.m */ = {isa = PBXFileReference; fileEncoding = 4; lastKnownFileType = sourcecode.c.objc; path = AFURLConnectionOperation.m; sourceTree = "<group>"; };
		778AD6A11AAE065C00398C37 /* AFURLRequestSerialization.h */ = {isa = PBXFileReference; fileEncoding = 4; lastKnownFileType = sourcecode.c.h; path = AFURLRequestSerialization.h; sourceTree = "<group>"; };
		778AD6A21AAE065C00398C37 /* AFURLRequestSerialization.m */ = {isa = PBXFileReference; fileEncoding = 4; lastKnownFileType = sourcecode.c.objc; path = AFURLRequestSerialization.m; sourceTree = "<group>"; };
		778AD6A31AAE065C00398C37 /* AFURLResponseSerialization.h */ = {isa = PBXFileReference; fileEncoding = 4; lastKnownFileType = sourcecode.c.h; path = AFURLResponseSerialization.h; sourceTree = "<group>"; };
		778AD6A41AAE065C00398C37 /* AFURLResponseSerialization.m */ = {isa = PBXFileReference; fileEncoding = 4; lastKnownFileType = sourcecode.c.objc; path = AFURLResponseSerialization.m; sourceTree = "<group>"; };
		778AD6A51AAE065C00398C37 /* AFURLSessionManager.h */ = {isa = PBXFileReference; fileEncoding = 4; lastKnownFileType = sourcecode.c.h; path = AFURLSessionManager.h; sourceTree = "<group>"; };
		778AD6A61AAE065C00398C37 /* AFURLSessionManager.m */ = {isa = PBXFileReference; fileEncoding = 4; lastKnownFileType = sourcecode.c.objc; path = AFURLSessionManager.m; sourceTree = "<group>"; };
		778AD6B11AAE066900398C37 /* VPImageCropperViewController.h */ = {isa = PBXFileReference; fileEncoding = 4; lastKnownFileType = sourcecode.c.h; path = VPImageCropperViewController.h; sourceTree = "<group>"; };
		778AD6B21AAE066900398C37 /* VPImageCropperViewController.m */ = {isa = PBXFileReference; fileEncoding = 4; lastKnownFileType = sourcecode.c.objc; path = VPImageCropperViewController.m; sourceTree = "<group>"; };
		778AD6B81AAE072700398C37 /* news.png */ = {isa = PBXFileReference; lastKnownFileType = image.png; path = news.png; sourceTree = "<group>"; };
		778AD6B91AAE072700398C37 /* portrait.jpg */ = {isa = PBXFileReference; lastKnownFileType = image.jpeg; path = portrait.jpg; sourceTree = "<group>"; };
		778AD6BA1AAE072700398C37 /* recommend.png */ = {isa = PBXFileReference; lastKnownFileType = image.png; path = recommend.png; sourceTree = "<group>"; };
		778AD6BB1AAE072700398C37 /* testimg.png */ = {isa = PBXFileReference; lastKnownFileType = image.png; path = testimg.png; sourceTree = "<group>"; };
		77B492881AAEE3100009E0C0 /* FindBackPassword.h */ = {isa = PBXFileReference; fileEncoding = 4; lastKnownFileType = sourcecode.c.h; path = FindBackPassword.h; sourceTree = "<group>"; };
		77B492891AAEE3100009E0C0 /* FindBackPassword.m */ = {isa = PBXFileReference; fileEncoding = 4; lastKnownFileType = sourcecode.c.objc; path = FindBackPassword.m; sourceTree = "<group>"; };
		77B4928B1AAEEE080009E0C0 /* ThirdViewController.h */ = {isa = PBXFileReference; fileEncoding = 4; lastKnownFileType = sourcecode.c.h; path = ThirdViewController.h; sourceTree = "<group>"; };
		77B4928C1AAEEE080009E0C0 /* ThirdViewController.m */ = {isa = PBXFileReference; fileEncoding = 4; lastKnownFileType = sourcecode.c.objc; path = ThirdViewController.m; sourceTree = "<group>"; };
		77B4928E1AAEEE140009E0C0 /* FourthViewController.h */ = {isa = PBXFileReference; fileEncoding = 4; lastKnownFileType = sourcecode.c.h; path = FourthViewController.h; sourceTree = "<group>"; };
		77B4928F1AAEEE140009E0C0 /* FourthViewController.m */ = {isa = PBXFileReference; fileEncoding = 4; lastKnownFileType = sourcecode.c.objc; path = FourthViewController.m; sourceTree = "<group>"; };
		77FAD6D41AEF0D9300FDA2CC /* user.png */ = {isa = PBXFileReference; lastKnownFileType = image.png; path = user.png; sourceTree = "<group>"; };
		77FAD6D61AEF0E0F00FDA2CC /* key.png */ = {isa = PBXFileReference; lastKnownFileType = image.png; path = key.png; sourceTree = "<group>"; };
		77FAD6D81AEF0F6F00FDA2CC /* mail.png */ = {isa = PBXFileReference; lastKnownFileType = image.png; path = mail.png; sourceTree = "<group>"; };
		77FAD6DA1AEF107400FDA2CC /* lock.png */ = {isa = PBXFileReference; lastKnownFileType = image.png; path = lock.png; sourceTree = "<group>"; };
/* End PBXFileReference section */

/* Begin PBXFrameworksBuildPhase section */
		773BE94F1AACAB3D00930F47 /* Frameworks */ = {
			isa = PBXFrameworksBuildPhase;
			buildActionMask = 2147483647;
			files = (
				77414C321B002F870068FEB9 /* libxml2.dylib in Frameworks */,
			);
			runOnlyForDeploymentPostprocessing = 0;
		};
		773BE96B1AACAB3E00930F47 /* Frameworks */ = {
			isa = PBXFrameworksBuildPhase;
			buildActionMask = 2147483647;
			files = (
			);
			runOnlyForDeploymentPostprocessing = 0;
		};
/* End PBXFrameworksBuildPhase section */

/* Begin PBXGroup section */
		773BE9491AACAB3D00930F47 = {
			isa = PBXGroup;
			children = (
				7784F5461B024B9500ED262C /* ScoreController.h */,
				7784F5471B024B9500ED262C /* ScoreController.m */,
				77414C311B002F870068FEB9 /* libxml2.dylib */,
				773BE9541AACAB3D00930F47 /* 沉思·航 */,
				773BE9711AACAB3E00930F47 /* 沉思·航Tests */,
				773BE9531AACAB3D00930F47 /* Products */,
			);
			sourceTree = "<group>";
		};
		773BE9531AACAB3D00930F47 /* Products */ = {
			isa = PBXGroup;
			children = (
				773BE9521AACAB3D00930F47 /* 沉思·航.app */,
				773BE96E1AACAB3E00930F47 /* 沉思·航Tests.xctest */,
			);
			name = Products;
			sourceTree = "<group>";
		};
		773BE9541AACAB3D00930F47 /* 沉思·航 */ = {
			isa = PBXGroup;
			children = (
				778AD6B01AAE066900398C37 /* VPImageCropper */,
				778AD6921AAE065C00398C37 /* AFNetworking */,
				779EB3381AB8000F00E3CC16 /* UserManage */,
				779EB3391AB8002700E3CC16 /* TabbarViewControllers */,
				779EB33A1AB8004600E3CC16 /* Assets */,
				779EB33B1AB8006500E3CC16 /* Delegate */,
				779EB33C1AB8007C00E3CC16 /* Supports */,
			);
			path = "沉思·航";
			sourceTree = "<group>";
		};
		773BE9551AACAB3D00930F47 /* Supporting Files */ = {
			isa = PBXGroup;
			children = (
				771139B11B06310E008EAE1C /* arrow.png */,
				7716218E1B02EFE500996152 /* back.png */,
				77414C711B003D040068FEB9 /* close.png */,
				77414C3B1B0032AD0068FEB9 /* comments.png */,
				77414C3F1B0032AD0068FEB9 /* csh.plist */,
				77414C401B0032AD0068FEB9 /* DejaVuSansMono.ttf */,
				77414C4F1B0032AD0068FEB9 /* newc.png */,
				774E56791B07336A004DF919 /* style.css */,
				77414C521B0032AD0068FEB9 /* Senty.ttf */,
				77414C531B0032AD0068FEB9 /* share.png */,
				77FAD6D81AEF0F6F00FDA2CC /* mail.png */,
				774E56771B0730BB004DF919 /* icon.png */,
				77FAD6D61AEF0E0F00FDA2CC /* key.png */,
				77FAD6D41AEF0D9300FDA2CC /* user.png */,
				778AD6B81AAE072700398C37 /* news.png */,
				778AD6B91AAE072700398C37 /* portrait.jpg */,
				778AD6BA1AAE072700398C37 /* recommend.png */,
				77FAD6DA1AEF107400FDA2CC /* lock.png */,
				778AD6BB1AAE072700398C37 /* testimg.png */,
				773BE9561AACAB3D00930F47 /* Info.plist */,
				773BE9571AACAB3D00930F47 /* main.m */,
			);
			name = "Supporting Files";
			sourceTree = "<group>";
		};
		773BE9711AACAB3E00930F47 /* 沉思·航Tests */ = {
			isa = PBXGroup;
			children = (
				773BE9741AACAB3E00930F47 /* ____Tests.m */,
				773BE9721AACAB3E00930F47 /* Supporting Files */,
			);
			path = "沉思·航Tests";
			sourceTree = "<group>";
		};
		773BE9721AACAB3E00930F47 /* Supporting Files */ = {
			isa = PBXGroup;
			children = (
				773BE9731AACAB3E00930F47 /* Info.plist */,
			);
			name = "Supporting Files";
			sourceTree = "<group>";
		};
		77414C731B0042DB0068FEB9 /* HTMLParser */ = {
			isa = PBXGroup;
			children = (
				77414C451B0032AD0068FEB9 /* HTMLNode.h */,
				77414C471B0032AD0068FEB9 /* HTMLParser.h */,
				77414C461B0032AD0068FEB9 /* HTMLNode.m */,
				77414C481B0032AD0068FEB9 /* HTMLParser.m */,
			);
			name = HTMLParser;
			sourceTree = "<group>";
		};
		77414C741B00430C0068FEB9 /* Refresh */ = {
			isa = PBXGroup;
			children = (
				77414C331B0032670068FEB9 /* BarItem.h */,
				77414C341B0032670068FEB9 /* BarItem.m */,
				77414C351B0032670068FEB9 /* CBStoreHouseRefreshControl.h */,
				77414C361B0032670068FEB9 /* CBStoreHouseRefreshControl.m */,
			);
			name = Refresh;
			sourceTree = "<group>";
		};
		77414C751B00432A0068FEB9 /* WeiboView */ = {
			isa = PBXGroup;
			children = (
				77414C491B0032AD0068FEB9 /* JHWeiboCell.h */,
				77414C4A1B0032AD0068FEB9 /* JHWeiboCell.m */,
				77414C4B1B0032AD0068FEB9 /* JHWeiboFrame.h */,
				77414C4C1B0032AD0068FEB9 /* JHWeiboFrame.m */,
				77414C501B0032AD0068FEB9 /* NJWeibo.h */,
				77414C511B0032AD0068FEB9 /* NJWeibo.m */,
			);
			name = WeiboView;
			sourceTree = "<group>";
		};
		77414C761B0043430068FEB9 /* Comments */ = {
			isa = PBXGroup;
			children = (
				77414C3E1B0032AD0068FEB9 /* ContextMenuCell.xib */,
				77414C3C1B0032AD0068FEB9 /* ContextMenuCell.h */,
				77414C3D1B0032AD0068FEB9 /* ContextMenuCell.m */,
				77414C4D1B0032AD0068FEB9 /* JWBlurView.h */,
				77414C4E1B0032AD0068FEB9 /* JWBlurView.m */,
				77414C551B0032AD0068FEB9 /* UIView+YALConstraints.h */,
				77414C561B0032AD0068FEB9 /* UIView+YALConstraints.m */,
				77414C571B0032AD0068FEB9 /* YALContextMenuCell.h */,
				77414C581B0032AD0068FEB9 /* YALContextMenuTableView.h */,
				77414C591B0032AD0068FEB9 /* YALContextMenuTableView.m */,
				77414C5A1B0032AD0068FEB9 /* YALNavigationBar.h */,
				77414C5B1B0032AD0068FEB9 /* YALNavigationBar.m */,
			);
			name = Comments;
			sourceTree = "<group>";
		};
		77414C771B00437B0068FEB9 /* FunctionHelper */ = {
			isa = PBXGroup;
			children = (
				778AD6891AAE05B900398C37 /* Func.h */,
				778AD68A1AAE05B900398C37 /* Func.m */,
			);
			name = FunctionHelper;
			sourceTree = "<group>";
		};
		77414C781B00438A0068FEB9 /* BlogViewController */ = {
			isa = PBXGroup;
			children = (
				77414C391B0032AD0068FEB9 /* CommentController.h */,
				77414C3A1B0032AD0068FEB9 /* CommentController.m */,
				77414C411B0032AD0068FEB9 /* DetailController.h */,
				77414C421B0032AD0068FEB9 /* DetailController.m */,
				77414C431B0032AD0068FEB9 /* DetailController+ENPopUp.h */,
				77414C441B0032AD0068FEB9 /* DetailController+ENPopUp.m */,
			);
			name = BlogViewController;
			sourceTree = "<group>";
		};
		778AD6921AAE065C00398C37 /* AFNetworking */ = {
			isa = PBXGroup;
			children = (
				778AD6931AAE065C00398C37 /* AFNetworking */,
			);
			path = AFNetworking;
			sourceTree = "<group>";
		};
		778AD6931AAE065C00398C37 /* AFNetworking */ = {
			isa = PBXGroup;
			children = (
				778AD6941AAE065C00398C37 /* AFHTTPRequestOperation.h */,
				778AD6951AAE065C00398C37 /* AFHTTPRequestOperation.m */,
				778AD6961AAE065C00398C37 /* AFHTTPRequestOperationManager.h */,
				778AD6971AAE065C00398C37 /* AFHTTPRequestOperationManager.m */,
				778AD6981AAE065C00398C37 /* AFHTTPSessionManager.h */,
				778AD6991AAE065C00398C37 /* AFHTTPSessionManager.m */,
				778AD69A1AAE065C00398C37 /* AFNetworking.h */,
				778AD69B1AAE065C00398C37 /* AFNetworkReachabilityManager.h */,
				778AD69C1AAE065C00398C37 /* AFNetworkReachabilityManager.m */,
				778AD69D1AAE065C00398C37 /* AFSecurityPolicy.h */,
				778AD69E1AAE065C00398C37 /* AFSecurityPolicy.m */,
				778AD69F1AAE065C00398C37 /* AFURLConnectionOperation.h */,
				778AD6A01AAE065C00398C37 /* AFURLConnectionOperation.m */,
				778AD6A11AAE065C00398C37 /* AFURLRequestSerialization.h */,
				778AD6A21AAE065C00398C37 /* AFURLRequestSerialization.m */,
				778AD6A31AAE065C00398C37 /* AFURLResponseSerialization.h */,
				778AD6A41AAE065C00398C37 /* AFURLResponseSerialization.m */,
				778AD6A51AAE065C00398C37 /* AFURLSessionManager.h */,
				778AD6A61AAE065C00398C37 /* AFURLSessionManager.m */,
			);
			path = AFNetworking;
			sourceTree = "<group>";
		};
		778AD6B01AAE066900398C37 /* VPImageCropper */ = {
			isa = PBXGroup;
			children = (
				778AD6B11AAE066900398C37 /* VPImageCropperViewController.h */,
				778AD6B21AAE066900398C37 /* VPImageCropperViewController.m */,
			);
			path = VPImageCropper;
			sourceTree = "<group>";
		};
		779EB3381AB8000F00E3CC16 /* UserManage */ = {
			isa = PBXGroup;
			children = (
				7735797B1ABC442E000153D2 /* ZuSimpelColor.h */,
				7735797C1ABC442E000153D2 /* ZuSimpelColor.m */,
				778AD68F1AAE05E200398C37 /* LoginController.h */,
				778AD6901AAE05E200398C37 /* LoginController.m */,
				778AD68C1AAE05D900398C37 /* RegisterController.h */,
				77B492881AAEE3100009E0C0 /* FindBackPassword.h */,
				77B492891AAEE3100009E0C0 /* FindBackPassword.m */,
				778AD68D1AAE05D900398C37 /* RegisterController.m */,
			);
			name = UserManage;
			sourceTree = "<group>";
		};
		779EB3391AB8002700E3CC16 /* TabbarViewControllers */ = {
			isa = PBXGroup;
			children = (
				77B4928B1AAEEE080009E0C0 /* ThirdViewController.h */,
				77B4928C1AAEEE080009E0C0 /* ThirdViewController.m */,
				77B4928E1AAEEE140009E0C0 /* FourthViewController.h */,
				77B4928F1AAEEE140009E0C0 /* FourthViewController.m */,
				773BE95C1AACAB3D00930F47 /* FirstViewController.h */,
				773BE95D1AACAB3D00930F47 /* FirstViewController.m */,
				773BE95F1AACAB3D00930F47 /* SecondViewController.h */,
				773BE9601AACAB3D00930F47 /* SecondViewController.m */,
			);
			name = TabbarViewControllers;
			sourceTree = "<group>";
		};
		779EB33A1AB8004600E3CC16 /* Assets */ = {
			isa = PBXGroup;
			children = (
				771139AE1B062E26008EAE1C /* IZValueSelectorView.h */,
				771139AF1B062E26008EAE1C /* IZValueSelectorView.m */,
				7784F5311B0241F900ED262C /* ASFLabel.h */,
				7784F5321B0241F900ED262C /* ASFLabel.m */,
				7784F5331B0241F900ED262C /* ASFTableView.h */,
				7784F5341B0241F900ED262C /* ASFTableView.m */,
				7784F5351B0241F900ED262C /* ASFTableViewCell.h */,
				7784F5361B0241F900ED262C /* ASFTableViewCell.m */,
				7784F5371B0241F900ED262C /* ASFTableViewPrivateGlobals.h */,
				7784F5381B0241F900ED262C /* ASFTableViewPrivateGlobals.m */,
				7784F5391B0241F900ED262C /* ASFTableViewPublicGlobals.h */,
				7784F53A1B0241F900ED262C /* ASFTableViewPublicGlobals.m */,
				77414C741B00430C0068FEB9 /* Refresh */,
				77414C781B00438A0068FEB9 /* BlogViewController */,
				77414C761B0043430068FEB9 /* Comments */,
				77414C771B00437B0068FEB9 /* FunctionHelper */,
				77414C731B0042DB0068FEB9 /* HTMLParser */,
				77414C751B00432A0068FEB9 /* WeiboView */,
			);
			name = Assets;
			sourceTree = "<group>";
		};
		779EB33B1AB8006500E3CC16 /* Delegate */ = {
			isa = PBXGroup;
			children = (
				773BE9591AACAB3D00930F47 /* AppDelegate.h */,
				773BE95A1AACAB3D00930F47 /* AppDelegate.m */,
			);
			name = Delegate;
			sourceTree = "<group>";
		};
		779EB33C1AB8007C00E3CC16 /* Supports */ = {
			isa = PBXGroup;
			children = (
				773BE9551AACAB3D00930F47 /* Supporting Files */,
				773BE9621AACAB3D00930F47 /* Main.storyboard */,
				771139AB1B04DE9C008EAE1C /* ThemeController.h */,
				771139AC1B04DE9C008EAE1C /* ThemeController.m */,
				771139A81B04DE59008EAE1C /* PreferenceController.h */,
				771139A91B04DE59008EAE1C /* PreferenceController.m */,
				771139A51B04CF2E008EAE1C /* AboutController.h */,
				771139A61B04CF2E008EAE1C /* AboutController.m */,
				773BE9651AACAB3E00930F47 /* Images.xcassets */,
				773BE9671AACAB3E00930F47 /* LaunchScreen.xib */,
			);
			name = Supports;
			sourceTree = "<group>";
		};
/* End PBXGroup section */

/* Begin PBXNativeTarget section */
		773BE9511AACAB3D00930F47 /* 沉思·航 */ = {
			isa = PBXNativeTarget;
			buildConfigurationList = 773BE9781AACAB3E00930F47 /* Build configuration list for PBXNativeTarget "沉思·航" */;
			buildPhases = (
				773BE94E1AACAB3D00930F47 /* Sources */,
				773BE94F1AACAB3D00930F47 /* Frameworks */,
				773BE9501AACAB3D00930F47 /* Resources */,
			);
			buildRules = (
			);
			dependencies = (
			);
			name = "沉思·航";
			productName = "沉思·航";
			productReference = 773BE9521AACAB3D00930F47 /* 沉思·航.app */;
			productType = "com.apple.product-type.application";
		};
		773BE96D1AACAB3E00930F47 /* 沉思·航Tests */ = {
			isa = PBXNativeTarget;
			buildConfigurationList = 773BE97B1AACAB3E00930F47 /* Build configuration list for PBXNativeTarget "沉思·航Tests" */;
			buildPhases = (
				773BE96A1AACAB3E00930F47 /* Sources */,
				773BE96B1AACAB3E00930F47 /* Frameworks */,
				773BE96C1AACAB3E00930F47 /* Resources */,
			);
			buildRules = (
			);
			dependencies = (
				773BE9701AACAB3E00930F47 /* PBXTargetDependency */,
			);
			name = "沉思·航Tests";
			productName = "沉思·航Tests";
			productReference = 773BE96E1AACAB3E00930F47 /* 沉思·航Tests.xctest */;
			productType = "com.apple.product-type.bundle.unit-test";
		};
/* End PBXNativeTarget section */

/* Begin PBXProject section */
		773BE94A1AACAB3D00930F47 /* Project object */ = {
			isa = PBXProject;
			attributes = {
				LastUpgradeCheck = 0600;
				ORGANIZATIONNAME = "Sean Chain";
				TargetAttributes = {
					773BE9511AACAB3D00930F47 = {
						CreatedOnToolsVersion = 6.0;
					};
					773BE96D1AACAB3E00930F47 = {
						CreatedOnToolsVersion = 6.0;
						TestTargetID = 773BE9511AACAB3D00930F47;
					};
				};
			};
			buildConfigurationList = 773BE94D1AACAB3D00930F47 /* Build configuration list for PBXProject "沉思·航" */;
			compatibilityVersion = "Xcode 3.2";
			developmentRegion = English;
			hasScannedForEncodings = 0;
			knownRegions = (
				en,
				Base,
			);
			mainGroup = 773BE9491AACAB3D00930F47;
			productRefGroup = 773BE9531AACAB3D00930F47 /* Products */;
			projectDirPath = "";
			projectRoot = "";
			targets = (
				773BE9511AACAB3D00930F47 /* 沉思·航 */,
				773BE96D1AACAB3E00930F47 /* 沉思·航Tests */,
			);
		};
/* End PBXProject section */

/* Begin PBXResourcesBuildPhase section */
		773BE9501AACAB3D00930F47 /* Resources */ = {
			isa = PBXResourcesBuildPhase;
			buildActionMask = 2147483647;
			files = (
				778AD6C31AAE072700398C37 /* recommend.png in Resources */,
				771139B21B06310E008EAE1C /* arrow.png in Resources */,
				778AD6C11AAE072700398C37 /* news.png in Resources */,
				77FAD6DB1AEF107400FDA2CC /* lock.png in Resources */,
				773BE9641AACAB3D00930F47 /* Main.storyboard in Resources */,
				77414C691B0032AD0068FEB9 /* newc.png in Resources */,
				774E567A1B07336A004DF919 /* style.css in Resources */,
				77414C5F1B0032AD0068FEB9 /* ContextMenuCell.xib in Resources */,
				77414C6C1B0032AD0068FEB9 /* share.png in Resources */,
				77FAD6D71AEF0E0F00FDA2CC /* key.png in Resources */,
				77414C6B1B0032AD0068FEB9 /* Senty.ttf in Resources */,
				7716218F1B02EFE500996152 /* back.png in Resources */,
				773BE9691AACAB3E00930F47 /* LaunchScreen.xib in Resources */,
				773BE9661AACAB3E00930F47 /* Images.xcassets in Resources */,
				774E56781B0730BB004DF919 /* icon.png in Resources */,
				77414C601B0032AD0068FEB9 /* csh.plist in Resources */,
				778AD6C41AAE072700398C37 /* testimg.png in Resources */,
				77414C611B0032AD0068FEB9 /* DejaVuSansMono.ttf in Resources */,
				77414C5D1B0032AD0068FEB9 /* comments.png in Resources */,
				77FAD6D51AEF0D9300FDA2CC /* user.png in Resources */,
				77414C721B003D040068FEB9 /* close.png in Resources */,
				77FAD6D91AEF0F6F00FDA2CC /* mail.png in Resources */,
				778AD6C21AAE072700398C37 /* portrait.jpg in Resources */,
			);
			runOnlyForDeploymentPostprocessing = 0;
		};
		773BE96C1AACAB3E00930F47 /* Resources */ = {
			isa = PBXResourcesBuildPhase;
			buildActionMask = 2147483647;
			files = (
			);
			runOnlyForDeploymentPostprocessing = 0;
		};
/* End PBXResourcesBuildPhase section */

/* Begin PBXSourcesBuildPhase section */
		773BE94E1AACAB3D00930F47 /* Sources */ = {
			isa = PBXSourcesBuildPhase;
			buildActionMask = 2147483647;
			files = (
				77414C641B0032AD0068FEB9 /* HTMLNode.m in Sources */,
				77414C5C1B0032AD0068FEB9 /* CommentController.m in Sources */,
				778AD6B31AAE066900398C37 /* VPImageCropperViewController.m in Sources */,
				7784F53B1B0241F900ED262C /* ASFLabel.m in Sources */,
				77414C661B0032AD0068FEB9 /* JHWeiboCell.m in Sources */,
				77414C631B0032AD0068FEB9 /* DetailController+ENPopUp.m in Sources */,
				778AD6AC1AAE065C00398C37 /* AFURLConnectionOperation.m in Sources */,
				7784F53E1B0241F900ED262C /* ASFTableViewPrivateGlobals.m in Sources */,
				7784F5481B024B9500ED262C /* ScoreController.m in Sources */,
				771139AD1B04DE9C008EAE1C /* ThemeController.m in Sources */,
				778AD6911AAE05E200398C37 /* LoginController.m in Sources */,
				773BE9611AACAB3D00930F47 /* SecondViewController.m in Sources */,
				77414C701B0032AD0068FEB9 /* YALNavigationBar.m in Sources */,
				771139A71B04CF2E008EAE1C /* AboutController.m in Sources */,
				7784F53D1B0241F900ED262C /* ASFTableViewCell.m in Sources */,
				7735797D1ABC442E000153D2 /* ZuSimpelColor.m in Sources */,
				773BE95B1AACAB3D00930F47 /* AppDelegate.m in Sources */,
				778AD6AE1AAE065C00398C37 /* AFURLResponseSerialization.m in Sources */,
				7784F53C1B0241F900ED262C /* ASFTableView.m in Sources */,
				778AD68E1AAE05D900398C37 /* RegisterController.m in Sources */,
				778AD6AD1AAE065C00398C37 /* AFURLRequestSerialization.m in Sources */,
				778AD6AB1AAE065C00398C37 /* AFSecurityPolicy.m in Sources */,
				778AD6A71AAE065C00398C37 /* AFHTTPRequestOperation.m in Sources */,
				77414C6F1B0032AD0068FEB9 /* YALContextMenuTableView.m in Sources */,
				77414C5E1B0032AD0068FEB9 /* ContextMenuCell.m in Sources */,
				77B4928D1AAEEE080009E0C0 /* ThirdViewController.m in Sources */,
				77414C381B0032670068FEB9 /* CBStoreHouseRefreshControl.m in Sources */,
				778AD6AF1AAE065C00398C37 /* AFURLSessionManager.m in Sources */,
				77414C651B0032AD0068FEB9 /* HTMLParser.m in Sources */,
				773BE95E1AACAB3D00930F47 /* FirstViewController.m in Sources */,
				77B4928A1AAEE3100009E0C0 /* FindBackPassword.m in Sources */,
				77414C371B0032670068FEB9 /* BarItem.m in Sources */,
				77414C621B0032AD0068FEB9 /* DetailController.m in Sources */,
				778AD68B1AAE05B900398C37 /* Func.m in Sources */,
				778AD6A91AAE065C00398C37 /* AFHTTPSessionManager.m in Sources */,
				77414C681B0032AD0068FEB9 /* JWBlurView.m in Sources */,
				77B492901AAEEE140009E0C0 /* FourthViewController.m in Sources */,
				771139AA1B04DE59008EAE1C /* PreferenceController.m in Sources */,
				771139B01B062E26008EAE1C /* IZValueSelectorView.m in Sources */,
				77414C671B0032AD0068FEB9 /* JHWeiboFrame.m in Sources */,
				7784F53F1B0241F900ED262C /* ASFTableViewPublicGlobals.m in Sources */,
				77414C6E1B0032AD0068FEB9 /* UIView+YALConstraints.m in Sources */,
				773BE9581AACAB3D00930F47 /* main.m in Sources */,
				778AD6AA1AAE065C00398C37 /* AFNetworkReachabilityManager.m in Sources */,
				77414C6A1B0032AD0068FEB9 /* NJWeibo.m in Sources */,
				778AD6A81AAE065C00398C37 /* AFHTTPRequestOperationManager.m in Sources */,
			);
			runOnlyForDeploymentPostprocessing = 0;
		};
		773BE96A1AACAB3E00930F47 /* Sources */ = {
			isa = PBXSourcesBuildPhase;
			buildActionMask = 2147483647;
			files = (
				773BE9751AACAB3E00930F47 /* ____Tests.m in Sources */,
			);
			runOnlyForDeploymentPostprocessing = 0;
		};
/* End PBXSourcesBuildPhase section */

/* Begin PBXTargetDependency section */
		773BE9701AACAB3E00930F47 /* PBXTargetDependency */ = {
			isa = PBXTargetDependency;
			target = 773BE9511AACAB3D00930F47 /* 沉思·航 */;
			targetProxy = 773BE96F1AACAB3E00930F47 /* PBXContainerItemProxy */;
		};
/* End PBXTargetDependency section */

/* Begin PBXVariantGroup section */
		773BE9621AACAB3D00930F47 /* Main.storyboard */ = {
			isa = PBXVariantGroup;
			children = (
				773BE9631AACAB3D00930F47 /* Base */,
			);
			name = Main.storyboard;
			sourceTree = "<group>";
		};
		773BE9671AACAB3E00930F47 /* LaunchScreen.xib */ = {
			isa = PBXVariantGroup;
			children = (
				773BE9681AACAB3E00930F47 /* Base */,
			);
			name = LaunchScreen.xib;
			sourceTree = "<group>";
		};
/* End PBXVariantGroup section */

/* Begin XCBuildConfiguration section */
		773BE9761AACAB3E00930F47 /* Debug */ = {
			isa = XCBuildConfiguration;
			buildSettings = {
				ALWAYS_SEARCH_USER_PATHS = NO;
				CLANG_CXX_LANGUAGE_STANDARD = "gnu++0x";
				CLANG_CXX_LIBRARY = "libc++";
				CLANG_ENABLE_MODULES = YES;
				CLANG_ENABLE_OBJC_ARC = YES;
				CLANG_WARN_BOOL_CONVERSION = YES;
				CLANG_WARN_CONSTANT_CONVERSION = YES;
				CLANG_WARN_DIRECT_OBJC_ISA_USAGE = YES_ERROR;
				CLANG_WARN_EMPTY_BODY = YES;
				CLANG_WARN_ENUM_CONVERSION = YES;
				CLANG_WARN_INT_CONVERSION = YES;
				CLANG_WARN_OBJC_ROOT_CLASS = YES_ERROR;
				CLANG_WARN_UNREACHABLE_CODE = YES;
				CLANG_WARN__DUPLICATE_METHOD_MATCH = YES;
				"CODE_SIGN_IDENTITY[sdk=iphoneos*]" = "iPhone Developer";
				COPY_PHASE_STRIP = NO;
				ENABLE_STRICT_OBJC_MSGSEND = YES;
				GCC_C_LANGUAGE_STANDARD = gnu99;
				GCC_DYNAMIC_NO_PIC = NO;
				GCC_OPTIMIZATION_LEVEL = 0;
				GCC_PREPROCESSOR_DEFINITIONS = (
					"DEBUG=1",
					"$(inherited)",
				);
				GCC_SYMBOLS_PRIVATE_EXTERN = NO;
				GCC_WARN_64_TO_32_BIT_CONVERSION = YES;
				GCC_WARN_ABOUT_RETURN_TYPE = YES_ERROR;
				GCC_WARN_UNDECLARED_SELECTOR = YES;
				GCC_WARN_UNINITIALIZED_AUTOS = YES_AGGRESSIVE;
				GCC_WARN_UNUSED_FUNCTION = YES;
				GCC_WARN_UNUSED_VARIABLE = YES;
				IPHONEOS_DEPLOYMENT_TARGET = 8.0;
				MTL_ENABLE_DEBUG_INFO = YES;
				ONLY_ACTIVE_ARCH = YES;
				SDKROOT = iphoneos;
			};
			name = Debug;
		};
		773BE9771AACAB3E00930F47 /* Release */ = {
			isa = XCBuildConfiguration;
			buildSettings = {
				ALWAYS_SEARCH_USER_PATHS = NO;
				CLANG_CXX_LANGUAGE_STANDARD = "gnu++0x";
				CLANG_CXX_LIBRARY = "libc++";
				CLANG_ENABLE_MODULES = YES;
				CLANG_ENABLE_OBJC_ARC = YES;
				CLANG_WARN_BOOL_CONVERSION = YES;
				CLANG_WARN_CONSTANT_CONVERSION = YES;
				CLANG_WARN_DIRECT_OBJC_ISA_USAGE = YES_ERROR;
				CLANG_WARN_EMPTY_BODY = YES;
				CLANG_WARN_ENUM_CONVERSION = YES;
				CLANG_WARN_INT_CONVERSION = YES;
				CLANG_WARN_OBJC_ROOT_CLASS = YES_ERROR;
				CLANG_WARN_UNREACHABLE_CODE = YES;
				CLANG_WARN__DUPLICATE_METHOD_MATCH = YES;
				"CODE_SIGN_IDENTITY[sdk=iphoneos*]" = "iPhone Developer";
				COPY_PHASE_STRIP = YES;
				ENABLE_NS_ASSERTIONS = NO;
				ENABLE_STRICT_OBJC_MSGSEND = YES;
				GCC_C_LANGUAGE_STANDARD = gnu99;
				GCC_WARN_64_TO_32_BIT_CONVERSION = YES;
				GCC_WARN_ABOUT_RETURN_TYPE = YES_ERROR;
				GCC_WARN_UNDECLARED_SELECTOR = YES;
				GCC_WARN_UNINITIALIZED_AUTOS = YES_AGGRESSIVE;
				GCC_WARN_UNUSED_FUNCTION = YES;
				GCC_WARN_UNUSED_VARIABLE = YES;
				IPHONEOS_DEPLOYMENT_TARGET = 8.0;
				MTL_ENABLE_DEBUG_INFO = NO;
				SDKROOT = iphoneos;
				VALIDATE_PRODUCT = YES;
			};
			name = Release;
		};
		773BE9791AACAB3E00930F47 /* Debug */ = {
			isa = XCBuildConfiguration;
			buildSettings = {
				ASSETCATALOG_COMPILER_APPICON_NAME = AppIcon;
				HEADER_SEARCH_PATHS = /usr/include/libxml2;
				INFOPLIST_FILE = "沉思·航/Info.plist";
				LD_RUNPATH_SEARCH_PATHS = "$(inherited) @executable_path/Frameworks";
				PRODUCT_NAME = "$(TARGET_NAME)";
			};
			name = Debug;
		};
		773BE97A1AACAB3E00930F47 /* Release */ = {
			isa = XCBuildConfiguration;
			buildSettings = {
				ASSETCATALOG_COMPILER_APPICON_NAME = AppIcon;
				HEADER_SEARCH_PATHS = /usr/include/libxml2;
				INFOPLIST_FILE = "沉思·航/Info.plist";
				LD_RUNPATH_SEARCH_PATHS = "$(inherited) @executable_path/Frameworks";
				PRODUCT_NAME = "$(TARGET_NAME)";
			};
			name = Release;
		};
		773BE97C1AACAB3E00930F47 /* Debug */ = {
			isa = XCBuildConfiguration;
			buildSettings = {
				BUNDLE_LOADER = "$(TEST_HOST)";
				FRAMEWORK_SEARCH_PATHS = (
					"$(SDKROOT)/Developer/Library/Frameworks",
					"$(inherited)",
				);
				GCC_PREPROCESSOR_DEFINITIONS = (
					"DEBUG=1",
					"$(inherited)",
				);
				INFOPLIST_FILE = "沉思·航Tests/Info.plist";
				LD_RUNPATH_SEARCH_PATHS = "$(inherited) @executable_path/Frameworks @loader_path/Frameworks";
				PRODUCT_NAME = "$(TARGET_NAME)";
				TEST_HOST = "$(BUILT_PRODUCTS_DIR)/沉思·航.app/沉思·航";
			};
			name = Debug;
		};
		773BE97D1AACAB3E00930F47 /* Release */ = {
			isa = XCBuildConfiguration;
			buildSettings = {
				BUNDLE_LOADER = "$(TEST_HOST)";
				FRAMEWORK_SEARCH_PATHS = (
					"$(SDKROOT)/Developer/Library/Frameworks",
					"$(inherited)",
				);
				INFOPLIST_FILE = "沉思·航Tests/Info.plist";
				LD_RUNPATH_SEARCH_PATHS = "$(inherited) @executable_path/Frameworks @loader_path/Frameworks";
				PRODUCT_NAME = "$(TARGET_NAME)";
				TEST_HOST = "$(BUILT_PRODUCTS_DIR)/沉思·航.app/沉思·航";
			};
			name = Release;
		};
/* End XCBuildConfiguration section */

/* Begin XCConfigurationList section */
		773BE94D1AACAB3D00930F47 /* Build configuration list for PBXProject "沉思·航" */ = {
			isa = XCConfigurationList;
			buildConfigurations = (
				773BE9761AACAB3E00930F47 /* Debug */,
				773BE9771AACAB3E00930F47 /* Release */,
			);
			defaultConfigurationIsVisible = 0;
			defaultConfigurationName = Release;
		};
		773BE9781AACAB3E00930F47 /* Build configuration list for PBXNativeTarget "沉思·航" */ = {
			isa = XCConfigurationList;
			buildConfigurations = (
				773BE9791AACAB3E00930F47 /* Debug */,
				773BE97A1AACAB3E00930F47 /* Release */,
			);
			defaultConfigurationIsVisible = 0;
			defaultConfigurationName = Release;
		};
		773BE97B1AACAB3E00930F47 /* Build configuration list for PBXNativeTarget "沉思·航Tests" */ = {
			isa = XCConfigurationList;
			buildConfigurations = (
				773BE97C1AACAB3E00930F47 /* Debug */,
				773BE97D1AACAB3E00930F47 /* Release */,
			);
			defaultConfigurationIsVisible = 0;
			defaultConfigurationName = Release;
		};
/* End XCConfigurationList section */
	};
	rootObject = 773BE94A1AACAB3D00930F47 /* Project object */;
}
